
Microsoft Visual Studio Solution File, Format Version 12.00
# Visual Studio Version 17
VisualStudioVersion = 17.14.36109.1 d17.14
MinimumVisualStudioVersion = 10.0.40219.1
Project("{FAE04EC0-301F-11D3-BF4B-00C04F79EFBC}") = "telegram-api", "telegram-api\telegram-api.csproj", "{55D7C4F3-180A-4950-8F0A-858E79E9CAB8}"
EndProject
Global
	GlobalSection(SolutionConfigurationPlatforms) = preSolution
		Debug|Any CPU = Debug|Any CPU
		Release|Any CPU = Release|Any CPU
	EndGlobalSection
	GlobalSection(ProjectConfigurationPlatforms) = postSolution
		{55D7C4F3-180A-4950-8F0A-858E79E9CAB8}.Debug|Any CPU.ActiveCfg = Debug|Any CPU
		{55D7C4F3-180A-4950-8F0A-858E79E9CAB8}.Debug|Any CPU.Build.0 = Debug|Any CPU
		{55D7C4F3-180A-4950-8F0A-858E79E9CAB8}.Release|Any CPU.ActiveCfg = Release|Any CPU
		{55D7C4F3-180A-4950-8F0A-858E79E9CAB8}.Release|Any CPU.Build.0 = Release|Any CPU
	EndGlobalSection
	GlobalSection(SolutionProperties) = preSolution
		HideSolutionNode = FALSE
	EndGlobalSection
	GlobalSection(ExtensibilityGlobals) = postSolution
		SolutionGuid = {F9C590E5-CD7D-49A1-80A1-62B524D6E8D1}
	EndGlobalSection
EndGlobal
